
Microsoft Visual Studio Solution File, Format Version 12.00
# Visual Studio Version 16
VisualStudioVersion = 16.0.33529.622
MinimumVisualStudioVersion = 10.0.40219.1
Project("{FAE04EC0-301F-11D3-BF4B-00C04F79EFBC}") = "Ejercico1", "Ejercico1\Ejercico1.csproj", "{8B07CFC2-46E1-474B-9DEE-15F85B464ABB}"
EndProject
Global
	GlobalSection(SolutionConfigurationPlatforms) = preSolution
		Debug|Any CPU = Debug|Any CPU
		Release|Any CPU = Release|Any CPU
	EndGlobalSection
	GlobalSection(ProjectConfigurationPlatforms) = postSolution
		{8B07CFC2-46E1-474B-9DEE-15F85B464ABB}.Debug|Any CPU.ActiveCfg = Debug|Any CPU
		{8B07CFC2-46E1-474B-9DEE-15F85B464ABB}.Debug|Any CPU.Build.0 = Debug|Any CPU
		{8B07CFC2-46E1-474B-9DEE-15F85B464ABB}.Release|Any CPU.ActiveCfg = Release|Any CPU
		{8B07CFC2-46E1-474B-9DEE-15F85B464ABB}.Release|Any CPU.Build.0 = Release|Any CPU
	EndGlobalSection
	GlobalSection(SolutionProperties) = preSolution
		HideSolutionNode = FALSE
	EndGlobalSection
	GlobalSection(ExtensibilityGlobals) = postSolution
		SolutionGuid = {7D8A92C2-FF6A-485B-A445-2024827D2347}
	EndGlobalSection
EndGlobal
